
Microsoft Visual Studio Solution File, Format Version 12.00
# Visual Studio Version 17
VisualStudioVersion = 17.14.37531.7 d17.14
MinimumVisualStudioVersion = 10.0.40219.1
Project("{FAE04EC0-301F-11D3-BF4B-00C04F79EFBC}") = "Ensemble", "Ensemble.csproj", "{F24D7D21-A53A-4BE8-89EC-C2300367B2B1}"
EndProject
Global
	GlobalSection(SolutionConfigurationPlatforms) = preSolution
		Debug|Any CPU = Debug|Any CPU
		Release|Any CPU = Release|Any CPU
	EndGlobalSection
	GlobalSection(ProjectConfigurationPlatforms) = postSolution
		{F24D7D21-A53A-4BE8-89EC-C2300367B2B1}.Debug|Any CPU.ActiveCfg = Debug|Any CPU
		{F24D7D21-A53A-4BE8-89EC-C2300367B2B1}.Debug|Any CPU.Build.0 = Debug|Any CPU
		{F24D7D21-A53A-4BE8-89EC-C2300367B2B1}.Release|Any CPU.ActiveCfg = Release|Any CPU
		{F24D7D21-A53A-4BE8-89EC-C2300367B2B1}.Release|Any CPU.Build.0 = Release|Any CPU
	EndGlobalSection
	GlobalSection(SolutionProperties) = preSolution
		HideSolutionNode = FALSE
	EndGlobalSection
	GlobalSection(ExtensibilityGlobals) = postSolution
		SolutionGuid = {1433D325-F3A2-4932-A84F-44B60CE24469}
	EndGlobalSection
EndGlobal
